{
  "name": "carte",
  "lockfileVersion": 2,
  "requires": true,
  "packages": {
    "": {
      "dependencies": {
        "geoportal-extensions-leaflet": "^2.2.2",
        "jquery": "^3.6.0",
        "jsquery": "^1.1.1"
      }
    },
    "node_modules/es6-promise": {
      "version": "4.2.8",
      "resolved": "https://registry.npmjs.org/es6-promise/-/es6-promise-4.2.8.tgz",
      "integrity": "sha512-HJDGx5daxeIvxdBxvG2cb9g4tEvwIk3i8+nhX0yGrYmZUzbkdg8QbDevheDB8gd0//uPj4c1EQua8Q+MViT0/w=="
    },
    "node_modules/geoportal-access-lib": {
      "version": "3.0.5",
      "resolved": "https://registry.npmjs.org/geoportal-access-lib/-/geoportal-access-lib-3.0.5.tgz",
      "integrity": "sha512-ruj6iXD7XStS1YuwSoTUYyQEsdP5BMLTiz7kS7hLwiB0g42SF4+ALH3aLHpthQOpXcNJb5XsCfS7P8K1BKZOZg==",
      "dependencies": {
        "es6-promise": "^4.2.4",
        "node-fetch": "^2.6.1",
        "xmldom": "^0.1.27"
      }
    },
    "node_modules/geoportal-extensions-leaflet": {
      "version": "2.2.2",
      "resolved": "https://registry.npmjs.org/geoportal-extensions-leaflet/-/geoportal-extensions-leaflet-2.2.2.tgz",
      "integrity": "sha512-B+8uqfcb74b0csYGYt8dSIKgy8juVw+q7sfrMxCaLZVgeAj/tI+akfXLUDJrNdwP87TMhsaRCbfw5yvbNRVfJQ==",
      "dependencies": {
        "geoportal-access-lib": "3.0.5",
        "leaflet": "1.7.1",
        "leaflet-draw": "1.0.4",
        "loglevel": "1.6.6",
        "node-fetch": "^2.6.1",
        "proj4": "2.7.0",
        "proj4leaflet": "1.0.2",
        "sortablejs": "1.8.4",
        "xmldom": "^0.1.27"
      }
    },
    "node_modules/jquery": {
      "version": "3.6.0",
      "resolved": "https://registry.npmjs.org/jquery/-/jquery-3.6.0.tgz",
      "integrity": "sha512-JVzAR/AjBvVt2BmYhxRCSYysDsPcssdmTFnzyLEts9qNwmjmu4JTAMYubEfwVOSwpQ1I1sKKFcxhZCI2buerfw=="
    },
    "node_modules/jsquery": {
      "version": "1.1.1",
      "resolved": "https://registry.npmjs.org/jsquery/-/jsquery-1.1.1.tgz",
      "integrity": "sha1-4J7n9hF2ZYyfRp8JOKX9cvw0N5A=",
      "deprecated": "please use @ekifvk/jpquery instead",
      "dependencies": {
        "lodash": "4.17.4"
      }
    },
    "node_modules/leaflet": {
      "version": "1.7.1",
      "resolved": "https://registry.npmjs.org/leaflet/-/leaflet-1.7.1.tgz",
      "integrity": "sha512-/xwPEBidtg69Q3HlqPdU3DnrXQOvQU/CCHA1tcDQVzOwm91YMYaILjNp7L4Eaw5Z4sOYdbBz6koWyibppd8Zqw=="
    },
    "node_modules/leaflet-draw": {
      "version": "1.0.4",
      "resolved": "https://registry.npmjs.org/leaflet-draw/-/leaflet-draw-1.0.4.tgz",
      "integrity": "sha512-rsQ6saQO5ST5Aj6XRFylr5zvarWgzWnrg46zQ1MEOEIHsppdC/8hnN8qMoFvACsPvTioAuysya/TVtog15tyAQ=="
    },
    "node_modules/lodash": {
      "version": "4.17.4",
      "resolved": "https://registry.npmjs.org/lodash/-/lodash-4.17.4.tgz",
      "integrity": "sha1-eCA6TRwyiuHYbcpkYONptX9AVa4="
    },
    "node_modules/loglevel": {
      "version": "1.6.6",
      "resolved": "https://registry.npmjs.org/loglevel/-/loglevel-1.6.6.tgz",
      "integrity": "sha512-Sgr5lbboAUBo3eXCSPL4/KoVz3ROKquOjcctxmHIt+vol2DrqTQe3SwkKKuYhEiWB5kYa13YyopJ69deJ1irzQ==",
      "engines": {
        "node": ">= 0.6.0"
      },
      "funding": {
        "type": "tidelift",
        "url": "https://tidelift.com/subscription/pkg/npm-loglevel?utm_medium=referral&utm_source=npm_fund"
      }
    },
    "node_modules/mgrs": {
      "version": "1.0.0",
      "resolved": "https://registry.npmjs.org/mgrs/-/mgrs-1.0.0.tgz",
      "integrity": "sha1-+5FYjnjJACVnI5XLQLJffNatGCk="
    },
    "node_modules/node-fetch": {
      "version": "2.6.7",
      "resolved": "https://registry.npmjs.org/node-fetch/-/node-fetch-2.6.7.tgz",
      "integrity": "sha512-ZjMPFEfVx5j+y2yF35Kzx5sF7kDzxuDj6ziH4FFbOp87zKDZNx8yExJIb05OGF4Nlt9IHFIMBkRl41VdvcNdbQ==",
      "dependencies": {
        "whatwg-url": "^5.0.0"
      },
      "engines": {
        "node": "4.x || >=6.0.0"
      },
      "peerDependencies": {
        "encoding": "^0.1.0"
      },
      "peerDependenciesMeta": {
        "encoding": {
          "optional": true
        }
      }
    },
    "node_modules/proj4": {
      "version": "2.7.0",
      "resolved": "https://registry.npmjs.org/proj4/-/proj4-2.7.0.tgz",
      "integrity": "sha512-UVhulf8m70/dREOBrJagWq8cDYUgjQUWILRqys/gqo/+ZLeNB/04zbtPhJbz8+cCPzZNQMychfBaWUCP60U9mQ==",
      "dependencies": {
        "mgrs": "1.0.0",
        "wkt-parser": "^1.2.4"
      }
    },
    "node_modules/proj4leaflet": {
      "version": "1.0.2",
      "resolved": "https://registry.npmjs.org/proj4leaflet/-/proj4leaflet-1.0.2.tgz",
      "integrity": "sha512-6GdDeUlhX/tHUiMEj80xQhlPjwrXcdfD0D5OBymY8WvxfbmZcdhNqQk7n7nFf53ue6QdP9ls9ZPjsAxnbZDTsw==",
      "dependencies": {
        "proj4": "^2.3.14"
      }
    },
    "node_modules/sortablejs": {
      "version": "1.8.4",
      "resolved": "https://registry.npmjs.org/sortablejs/-/sortablejs-1.8.4.tgz",
      "integrity": "sha512-Brqnzelu1AhFuc0Fn3N/qFex1tlIiuQIUsfu2J8luJ4cRgXYkWrByxa+y5mWEBlj8A0YoABukflIJwvHyrwJ6Q=="
    },
    "node_modules/tr46": {
      "version": "0.0.3",
      "resolved": "https://registry.npmjs.org/tr46/-/tr46-0.0.3.tgz",
      "integrity": "sha1-gYT9NH2snNwYWZLzpmIuFLnZq2o="
    },
    "node_modules/webidl-conversions": {
      "version": "3.0.1",
      "resolved": "https://registry.npmjs.org/webidl-conversions/-/webidl-conversions-3.0.1.tgz",
      "integrity": "sha1-JFNCdeKnvGvnvIZhHMFq4KVlSHE="
    },
    "node_modules/whatwg-url": {
      "version": "5.0.0",
      "resolved": "https://registry.npmjs.org/whatwg-url/-/whatwg-url-5.0.0.tgz",
      "integrity": "sha1-lmRU6HZUYuN2RNNib2dCzotwll0=",
      "dependencies": {
        "tr46": "~0.0.3",
        "webidl-conversions": "^3.0.0"
      }
    },
    "node_modules/wkt-parser": {
      "version": "1.3.2",
      "resolved": "https://registry.npmjs.org/wkt-parser/-/wkt-parser-1.3.2.tgz",
      "integrity": "sha512-A26BOOo7sHAagyxG7iuRhnKMO7Q3mEOiOT4oGUmohtN/Li5wameeU4S6f8vWw6NADTVKljBs8bzA8JPQgSEMVQ=="
    },
    "node_modules/xmldom": {
      "version": "0.1.31",
      "resolved": "https://registry.npmjs.org/xmldom/-/xmldom-0.1.31.tgz",
      "integrity": "sha512-yS2uJflVQs6n+CyjHoaBmVSqIDevTAWrzMmjG1Gc7h1qQ7uVozNhEPJAwZXWyGQ/Gafo3fCwrcaokezLPupVyQ==",
      "deprecated": "Deprecated due to CVE-2021-21366 resolved in 0.5.0",
      "engines": {
        "node": ">=0.1"
      }
    }
  },
  "dependencies": {
    "es6-promise": {
      "version": "4.2.8",
      "resolved": "https://registry.npmjs.org/es6-promise/-/es6-promise-4.2.8.tgz",
      "integrity": "sha512-HJDGx5daxeIvxdBxvG2cb9g4tEvwIk3i8+nhX0yGrYmZUzbkdg8QbDevheDB8gd0//uPj4c1EQua8Q+MViT0/w=="
    },
    "geoportal-access-lib": {
      "version": "3.0.5",
      "resolved": "https://registry.npmjs.org/geoportal-access-lib/-/geoportal-access-lib-3.0.5.tgz",
      "integrity": "sha512-ruj6iXD7XStS1YuwSoTUYyQEsdP5BMLTiz7kS7hLwiB0g42SF4+ALH3aLHpthQOpXcNJb5XsCfS7P8K1BKZOZg==",
      "requires": {
        "es6-promise": "^4.2.4",
        "node-fetch": "^2.6.1",
        "xmldom": "^0.1.27"
      }
    },
    "geoportal-extensions-leaflet": {
      "version": "2.2.2",
      "resolved": "https://registry.npmjs.org/geoportal-extensions-leaflet/-/geoportal-extensions-leaflet-2.2.2.tgz",
      "integrity": "sha512-B+8uqfcb74b0csYGYt8dSIKgy8juVw+q7sfrMxCaLZVgeAj/tI+akfXLUDJrNdwP87TMhsaRCbfw5yvbNRVfJQ==",
      "requires": {
        "geoportal-access-lib": "3.0.5",
        "leaflet": "1.7.1",
        "leaflet-draw": "1.0.4",
        "loglevel": "1.6.6",
        "node-fetch": "^2.6.1",
        "proj4": "2.7.0",
        "proj4leaflet": "1.0.2",
        "sortablejs": "1.8.4",
        "xmldom": "^0.1.27"
      }
    },
    "jquery": {
      "version": "3.6.0",
      "resolved": "https://registry.npmjs.org/jquery/-/jquery-3.6.0.tgz",
      "integrity": "sha512-JVzAR/AjBvVt2BmYhxRCSYysDsPcssdmTFnzyLEts9qNwmjmu4JTAMYubEfwVOSwpQ1I1sKKFcxhZCI2buerfw=="
    },
    "jsquery": {
      "version": "1.1.1",
      "resolved": "https://registry.npmjs.org/jsquery/-/jsquery-1.1.1.tgz",
      "integrity": "sha1-4J7n9hF2ZYyfRp8JOKX9cvw0N5A=",
      "requires": {
        "lodash": "4.17.4"
      }
    },
    "leaflet": {
      "version": "1.7.1",
      "resolved": "https://registry.npmjs.org/leaflet/-/leaflet-1.7.1.tgz",
      "integrity": "sha512-/xwPEBidtg69Q3HlqPdU3DnrXQOvQU/CCHA1tcDQVzOwm91YMYaILjNp7L4Eaw5Z4sOYdbBz6koWyibppd8Zqw=="
    },
    "leaflet-draw": {
      "version": "1.0.4",
      "resolved": "https://registry.npmjs.org/leaflet-draw/-/leaflet-draw-1.0.4.tgz",
      "integrity": "sha512-rsQ6saQO5ST5Aj6XRFylr5zvarWgzWnrg46zQ1MEOEIHsppdC/8hnN8qMoFvACsPvTioAuysya/TVtog15tyAQ=="
    },
    "lodash": {
      "version": "4.17.4",
      "resolved": "https://registry.npmjs.org/lodash/-/lodash-4.17.4.tgz",
      "integrity": "sha1-eCA6TRwyiuHYbcpkYONptX9AVa4="
    },
    "loglevel": {
      "version": "1.6.6",
      "resolved": "https://registry.npmjs.org/loglevel/-/loglevel-1.6.6.tgz",
      "integrity": "sha512-Sgr5lbboAUBo3eXCSPL4/KoVz3ROKquOjcctxmHIt+vol2DrqTQe3SwkKKuYhEiWB5kYa13YyopJ69deJ1irzQ=="
    },
    "mgrs": {
      "version": "1.0.0",
      "resolved": "https://registry.npmjs.org/mgrs/-/mgrs-1.0.0.tgz",
      "integrity": "sha1-+5FYjnjJACVnI5XLQLJffNatGCk="
    },
    "node-fetch": {
      "version": "2.6.7",
      "resolved": "https://registry.npmjs.org/node-fetch/-/node-fetch-2.6.7.tgz",
      "integrity": "sha512-ZjMPFEfVx5j+y2yF35Kzx5sF7kDzxuDj6ziH4FFbOp87zKDZNx8yExJIb05OGF4Nlt9IHFIMBkRl41VdvcNdbQ==",
      "requires": {
        "whatwg-url": "^5.0.0"
      }
    },
    "proj4": {
      "version": "2.7.0",
      "resolved": "https://registry.npmjs.org/proj4/-/proj4-2.7.0.tgz",
      "integrity": "sha512-UVhulf8m70/dREOBrJagWq8cDYUgjQUWILRqys/gqo/+ZLeNB/04zbtPhJbz8+cCPzZNQMychfBaWUCP60U9mQ==",
      "requires": {
        "mgrs": "1.0.0",
        "wkt-parser": "^1.2.4"
      }
    },
    "proj4leaflet": {
      "version": "1.0.2",
      "resolved": "https://registry.npmjs.org/proj4leaflet/-/proj4leaflet-1.0.2.tgz",
      "integrity": "sha512-6GdDeUlhX/tHUiMEj80xQhlPjwrXcdfD0D5OBymY8WvxfbmZcdhNqQk7n7nFf53ue6QdP9ls9ZPjsAxnbZDTsw==",
      "requires": {
        "proj4": "^2.3.14"
      }
    },
    "sortablejs": {
      "version": "1.8.4",
      "resolved": "https://registry.npmjs.org/sortablejs/-/sortablejs-1.8.4.tgz",
      "integrity": "sha512-Brqnzelu1AhFuc0Fn3N/qFex1tlIiuQIUsfu2J8luJ4cRgXYkWrByxa+y5mWEBlj8A0YoABukflIJwvHyrwJ6Q=="
    },
    "tr46": {
      "version": "0.0.3",
      "resolved": "https://registry.npmjs.org/tr46/-/tr46-0.0.3.tgz",
      "integrity": "sha1-gYT9NH2snNwYWZLzpmIuFLnZq2o="
    },
    "webidl-conversions": {
      "version": "3.0.1",
      "resolved": "https://registry.npmjs.org/webidl-conversions/-/webidl-conversions-3.0.1.tgz",
      "integrity": "sha1-JFNCdeKnvGvnvIZhHMFq4KVlSHE="
    },
    "whatwg-url": {
      "version": "5.0.0",
      "resolved": "https://registry.npmjs.org/whatwg-url/-/whatwg-url-5.0.0.tgz",
      "integrity": "sha1-lmRU6HZUYuN2RNNib2dCzotwll0=",
      "requires": {
        "tr46": "~0.0.3",
        "webidl-conversions": "^3.0.0"
      }
    },
    "wkt-parser": {
      "version": "1.3.2",
      "resolved": "https://registry.npmjs.org/wkt-parser/-/wkt-parser-1.3.2.tgz",
      "integrity": "sha512-A26BOOo7sHAagyxG7iuRhnKMO7Q3mEOiOT4oGUmohtN/Li5wameeU4S6f8vWw6NADTVKljBs8bzA8JPQgSEMVQ=="
    },
    "xmldom": {
      "version": "0.1.31",
      "resolved": "https://registry.npmjs.org/xmldom/-/xmldom-0.1.31.tgz",
      "integrity": "sha512-yS2uJflVQs6n+CyjHoaBmVSqIDevTAWrzMmjG1Gc7h1qQ7uVozNhEPJAwZXWyGQ/Gafo3fCwrcaokezLPupVyQ=="
    }
  }
}
