{
  "name": "carte",
  "lockfileVersion": 2,
  "requires": true,
  "packages": {
    "": {
      "dependencies": {
        "jquery": "^3.6.0",
        "jsquery": "^1.1.1"
      }
    },
    "node_modules/jquery": {
      "version": "3.6.0",
      "resolved": "https://registry.npmjs.org/jquery/-/jquery-3.6.0.tgz",
      "integrity": "sha512-JVzAR/AjBvVt2BmYhxRCSYysDsPcssdmTFnzyLEts9qNwmjmu4JTAMYubEfwVOSwpQ1I1sKKFcxhZCI2buerfw=="
    },
    "node_modules/jsquery": {
      "version": "1.1.1",
      "resolved": "https://registry.npmjs.org/jsquery/-/jsquery-1.1.1.tgz",
      "integrity": "sha1-4J7n9hF2ZYyfRp8JOKX9cvw0N5A=",
      "deprecated": "please use @ekifvk/jpquery instead",
      "dependencies": {
        "lodash": "4.17.4"
      }
    },
    "node_modules/lodash": {
      "version": "4.17.4",
      "resolved": "https://registry.npmjs.org/lodash/-/lodash-4.17.4.tgz",
      "integrity": "sha1-eCA6TRwyiuHYbcpkYONptX9AVa4="
    }
  },
  "dependencies": {
    "jquery": {
      "version": "3.6.0",
      "resolved": "https://registry.npmjs.org/jquery/-/jquery-3.6.0.tgz",
      "integrity": "sha512-JVzAR/AjBvVt2BmYhxRCSYysDsPcssdmTFnzyLEts9qNwmjmu4JTAMYubEfwVOSwpQ1I1sKKFcxhZCI2buerfw=="
    },
    "jsquery": {
      "version": "1.1.1",
      "resolved": "https://registry.npmjs.org/jsquery/-/jsquery-1.1.1.tgz",
      "integrity": "sha1-4J7n9hF2ZYyfRp8JOKX9cvw0N5A=",
      "requires": {
        "lodash": "4.17.4"
      }
    },
    "lodash": {
      "version": "4.17.4",
      "resolved": "https://registry.npmjs.org/lodash/-/lodash-4.17.4.tgz",
      "integrity": "sha1-eCA6TRwyiuHYbcpkYONptX9AVa4="
    }
  }
}
